Microsoft Visual Studio Solution File, Format Version 12.00
# Visual Studio Version 16
VisualStudioVersion = 16.0.30011.22
MinimumVisualStudioVersion = 10.0.40219.1
Project("{FAE04EC0-301F-11D3-BF4B-00C04F79EFBC}") = "Monolith.DataSync", "src\Monolith.DataSync\Monolith.DataSync.csproj", "{4AE5B8A6-AC2A-43BB-8E00-9B969AF782FD}"
EndProject
Project("{FAE04EC0-301F-11D3-BF4B-00C04F79EFBC}") = "Monolith.DataSync.Tests", "test\Monolith.DataSync.Tests\Monolith.DataSync.Tests.csproj", "{5737C675-610B-4E00-86BB-57846C2BACA7}"
EndProject
Project("{2150E333-8FDC-42A3-9474-1A3956D46DE8}") = "Solution Items", "Solution Items", "{6363CBEF-44A9-4DAF-A978-18D0E392861A}"
	ProjectSection(SolutionItems) = preProject
		.editorconfig = .editorconfig
	EndProjectSection
EndProject
Global
	GlobalSection(SolutionConfigurationPlatforms) = preSolution
		Debug|Any CPU = Debug|Any CPU
		Release|Any CPU = Release|Any CPU
		Subsys|Any CPU = Subsys|Any CPU
	EndGlobalSection
	GlobalSection(ProjectConfigurationPlatforms) = postSolution
		{4AE5B8A6-AC2A-43BB-8E00-9B969AF782FD}.Debug|Any CPU.ActiveCfg = Debug|Any CPU
		{4AE5B8A6-AC2A-43BB-8E00-9B969AF782FD}.Debug|Any CPU.Build.0 = Debug|Any CPU
		{4AE5B8A6-AC2A-43BB-8E00-9B969AF782FD}.Release|Any CPU.ActiveCfg = Release|Any CPU
		{4AE5B8A6-AC2A-43BB-8E00-9B969AF782FD}.Release|Any CPU.Build.0 = Release|Any CPU
		{4AE5B8A6-AC2A-43BB-8E00-9B969AF782FD}.Subsys|Any CPU.ActiveCfg = Subsys|Any CPU
		{4AE5B8A6-AC2A-43BB-8E00-9B969AF782FD}.Subsys|Any CPU.Build.0 = Subsys|Any CPU
		{5737C675-610B-4E00-86BB-57846C2BACA7}.Debug|Any CPU.ActiveCfg = Debug|Any CPU
		{5737C675-610B-4E00-86BB-57846C2BACA7}.Debug|Any CPU.Build.0 = Debug|Any CPU
		{5737C675-610B-4E00-86BB-57846C2BACA7}.Release|Any CPU.ActiveCfg = Release|Any CPU
		{5737C675-610B-4E00-86BB-57846C2BACA7}.Release|Any CPU.Build.0 = Release|Any CPU
		{5737C675-610B-4E00-86BB-57846C2BACA7}.Subsys|Any CPU.ActiveCfg = Subsys|Any CPU
		{5737C675-610B-4E00-86BB-57846C2BACA7}.Subsys|Any CPU.Build.0 = Subsys|Any CPU
	EndGlobalSection
	GlobalSection(SolutionProperties) = preSolution
		HideSolutionNode = FALSE
	EndGlobalSection
	GlobalSection(ExtensibilityGlobals) = postSolution
		SolutionGuid = {604E654E-0581-4CC5-8C8B-9EDE7E8D5A8C}
	EndGlobalSection
EndGlobal
